
Microsoft Visual Studio Solution File, Format Version 12.00
# Visual Studio Version 17
VisualStudioVersion = 17.0.31903.59
MinimumVisualStudioVersion = 10.0.40219.1
Project("{FAE04EC0-301F-11D3-BF4B-00C04F79EFBC}") = "ApiMonetizationGateway.Shared", "Gateway\Shared\ApiMonetizationGateway.Shared\ApiMonetizationGateway.Shared.csproj", "{629065B4-059D-4610-BFC4-182E4263A20E}"
EndProject
Project("{2150E333-8FDC-42A3-9474-1A3956D46DE8}") = "GatewayProjects", "GatewayProjects", "{6306A8FB-679E-111F-6585-8F70E0EE6013}"
EndProject
Project("{FAE04EC0-301F-11D3-BF4B-00C04F79EFBC}") = "ApiMonetizationGateway.Gateway", "Gateway\Gateway\ApiMonetizationGateway.Gateway\ApiMonetizationGateway.Gateway.csproj", "{324AD80A-9575-4B24-87FC-A3400FA2A3C6}"
EndProject
Project("{FAE04EC0-301F-11D3-BF4B-00C04F79EFBC}") = "ApiMonetizationGateway.UserService", "Gateway\UserService\ApiMonetizationGateway.UserService\ApiMonetizationGateway.UserService.csproj", "{CC592FAF-A6EB-44AB-9828-D899CBACEDD3}"
EndProject
Project("{FAE04EC0-301F-11D3-BF4B-00C04F79EFBC}") = "ApiMonetizationGateway.TierService", "Gateway\TierService\ApiMonetizationGateway.TierService\ApiMonetizationGateway.TierService.csproj", "{08ADFF93-68D3-4A0A-8072-FAD2B0D4A7DE}"
EndProject
Project("{FAE04EC0-301F-11D3-BF4B-00C04F79EFBC}") = "ApiMonetizationGateway.UsageTrackingService", "Gateway\UsageTrackingService\ApiMonetizationGateway.UsageTrackingService\ApiMonetizationGateway.UsageTrackingService.csproj", "{10851262-2481-4722-B2B2-B5C54C889DBC}"
EndProject
Project("{FAE04EC0-301F-11D3-BF4B-00C04F79EFBC}") = "ApiMonetizationGateway.BillingService", "Gateway\BillingService\ApiMonetizationGateway.BillingService\ApiMonetizationGateway.BillingService.csproj", "{59FF1ACF-5D44-40A6-A44F-393CD6A2B82D}"
EndProject
Project("{FAE04EC0-301F-11D3-BF4B-00C04F79EFBC}") = "ApiMonetizationGateway.SampleApi", "Gateway\SampleApiService\ApiMonetizationGateway.SampleApi\ApiMonetizationGateway.SampleApi.csproj", "{8DDC39C5-34A4-4D86-A64D-124D05898B8B}"
EndProject
Global
	GlobalSection(SolutionConfigurationPlatforms) = preSolution
		Debug|Any CPU = Debug|Any CPU
		Debug|x64 = Debug|x64
		Debug|x86 = Debug|x86
		Release|Any CPU = Release|Any CPU
		Release|x64 = Release|x64
		Release|x86 = Release|x86
	EndGlobalSection
	GlobalSection(ProjectConfigurationPlatforms) = postSolution
		{629065B4-059D-4610-BFC4-182E4263A20E}.Debug|Any CPU.ActiveCfg = Debug|Any CPU
		{629065B4-059D-4610-BFC4-182E4263A20E}.Debug|Any CPU.Build.0 = Debug|Any CPU
		{629065B4-059D-4610-BFC4-182E4263A20E}.Debug|x64.ActiveCfg = Debug|Any CPU
		{629065B4-059D-4610-BFC4-182E4263A20E}.Debug|x64.Build.0 = Debug|Any CPU
		{629065B4-059D-4610-BFC4-182E4263A20E}.Debug|x86.ActiveCfg = Debug|Any CPU
		{629065B4-059D-4610-BFC4-182E4263A20E}.Debug|x86.Build.0 = Debug|Any CPU
		{629065B4-059D-4610-BFC4-182E4263A20E}.Release|Any CPU.ActiveCfg = Release|Any CPU
		{629065B4-059D-4610-BFC4-182E4263A20E}.Release|Any CPU.Build.0 = Release|Any CPU
		{629065B4-059D-4610-BFC4-182E4263A20E}.Release|x64.ActiveCfg = Release|Any CPU
		{629065B4-059D-4610-BFC4-182E4263A20E}.Release|x64.Build.0 = Release|Any CPU
		{629065B4-059D-4610-BFC4-182E4263A20E}.Release|x86.ActiveCfg = Release|Any CPU
		{629065B4-059D-4610-BFC4-182E4263A20E}.Release|x86.Build.0 = Release|Any CPU
		{324AD80A-9575-4B24-87FC-A3400FA2A3C6}.Debug|Any CPU.ActiveCfg = Debug|Any CPU
		{324AD80A-9575-4B24-87FC-A3400FA2A3C6}.Debug|Any CPU.Build.0 = Debug|Any CPU
		{324AD80A-9575-4B24-87FC-A3400FA2A3C6}.Debug|x64.ActiveCfg = Debug|Any CPU
		{324AD80A-9575-4B24-87FC-A3400FA2A3C6}.Debug|x64.Build.0 = Debug|Any CPU
		{324AD80A-9575-4B24-87FC-A3400FA2A3C6}.Debug|x86.ActiveCfg = Debug|Any CPU
		{324AD80A-9575-4B24-87FC-A3400FA2A3C6}.Debug|x86.Build.0 = Debug|Any CPU
		{324AD80A-9575-4B24-87FC-A3400FA2A3C6}.Release|Any CPU.ActiveCfg = Release|Any CPU
		{324AD80A-9575-4B24-87FC-A3400FA2A3C6}.Release|Any CPU.Build.0 = Release|Any CPU
		{324AD80A-9575-4B24-87FC-A3400FA2A3C6}.Release|x64.ActiveCfg = Release|Any CPU
		{324AD80A-9575-4B24-87FC-A3400FA2A3C6}.Release|x64.Build.0 = Release|Any CPU
		{324AD80A-9575-4B24-87FC-A3400FA2A3C6}.Release|x86.ActiveCfg = Release|Any CPU
		{324AD80A-9575-4B24-87FC-A3400FA2A3C6}.Release|x86.Build.0 = Release|Any CPU
		{CC592FAF-A6EB-44AB-9828-D899CBACEDD3}.Debug|Any CPU.ActiveCfg = Debug|Any CPU
		{CC592FAF-A6EB-44AB-9828-D899CBACEDD3}.Debug|Any CPU.Build.0 = Debug|Any CPU
		{CC592FAF-A6EB-44AB-9828-D899CBACEDD3}.Debug|x64.ActiveCfg = Debug|Any CPU
		{CC592FAF-A6EB-44AB-9828-D899CBACEDD3}.Debug|x64.Build.0 = Debug|Any CPU
		{CC592FAF-A6EB-44AB-9828-D899CBACEDD3}.Debug|x86.ActiveCfg = Debug|Any CPU
		{CC592FAF-A6EB-44AB-9828-D899CBACEDD3}.Debug|x86.Build.0 = Debug|Any CPU
		{CC592FAF-A6EB-44AB-9828-D899CBACEDD3}.Release|Any CPU.ActiveCfg = Release|Any CPU
		{CC592FAF-A6EB-44AB-9828-D899CBACEDD3}.Release|Any CPU.Build.0 = Release|Any CPU
		{CC592FAF-A6EB-44AB-9828-D899CBACEDD3}.Release|x64.ActiveCfg = Release|Any CPU
		{CC592FAF-A6EB-44AB-9828-D899CBACEDD3}.Release|x64.Build.0 = Release|Any CPU
		{CC592FAF-A6EB-44AB-9828-D899CBACEDD3}.Release|x86.ActiveCfg = Release|Any CPU
		{CC592FAF-A6EB-44AB-9828-D899CBACEDD3}.Release|x86.Build.0 = Release|Any CPU
		{08ADFF93-68D3-4A0A-8072-FAD2B0D4A7DE}.Debug|Any CPU.ActiveCfg = Debug|Any CPU
		{08ADFF93-68D3-4A0A-8072-FAD2B0D4A7DE}.Debug|Any CPU.Build.0 = Debug|Any CPU
		{08ADFF93-68D3-4A0A-8072-FAD2B0D4A7DE}.Debug|x64.ActiveCfg = Debug|Any CPU
		{08ADFF93-68D3-4A0A-8072-FAD2B0D4A7DE}.Debug|x64.Build.0 = Debug|Any CPU
		{08ADFF93-68D3-4A0A-8072-FAD2B0D4A7DE}.Debug|x86.ActiveCfg = Debug|Any CPU
		{08ADFF93-68D3-4A0A-8072-FAD2B0D4A7DE}.Debug|x86.Build.0 = Debug|Any CPU
		{08ADFF93-68D3-4A0A-8072-FAD2B0D4A7DE}.Release|Any CPU.ActiveCfg = Release|Any CPU
		{08ADFF93-68D3-4A0A-8072-FAD2B0D4A7DE}.Release|Any CPU.Build.0 = Release|Any CPU
		{08ADFF93-68D3-4A0A-8072-FAD2B0D4A7DE}.Release|x64.ActiveCfg = Release|Any CPU
		{08ADFF93-68D3-4A0A-8072-FAD2B0D4A7DE}.Release|x64.Build.0 = Release|Any CPU
		{08ADFF93-68D3-4A0A-8072-FAD2B0D4A7DE}.Release|x86.ActiveCfg = Release|Any CPU
		{08ADFF93-68D3-4A0A-8072-FAD2B0D4A7DE}.Release|x86.Build.0 = Release|Any CPU
		{10851262-2481-4722-B2B2-B5C54C889DBC}.Debug|Any CPU.ActiveCfg = Debug|Any CPU
		{10851262-2481-4722-B2B2-B5C54C889DBC}.Debug|Any CPU.Build.0 = Debug|Any CPU
		{10851262-2481-4722-B2B2-B5C54C889DBC}.Debug|x64.ActiveCfg = Debug|Any CPU
		{10851262-2481-4722-B2B2-B5C54C889DBC}.Debug|x64.Build.0 = Debug|Any CPU
		{10851262-2481-4722-B2B2-B5C54C889DBC}.Debug|x86.ActiveCfg = Debug|Any CPU
		{10851262-2481-4722-B2B2-B5C54C889DBC}.Debug|x86.Build.0 = Debug|Any CPU
		{10851262-2481-4722-B2B2-B5C54C889DBC}.Release|Any CPU.ActiveCfg = Release|Any CPU
		{10851262-2481-4722-B2B2-B5C54C889DBC}.Release|Any CPU.Build.0 = Release|Any CPU
		{10851262-2481-4722-B2B2-B5C54C889DBC}.Release|x64.ActiveCfg = Release|Any CPU
		{10851262-2481-4722-B2B2-B5C54C889DBC}.Release|x64.Build.0 = Release|Any CPU
		{10851262-2481-4722-B2B2-B5C54C889DBC}.Release|x86.ActiveCfg = Release|Any CPU
		{10851262-2481-4722-B2B2-B5C54C889DBC}.Release|x86.Build.0 = Release|Any CPU
		{59FF1ACF-5D44-40A6-A44F-393CD6A2B82D}.Debug|Any CPU.ActiveCfg = Debug|Any CPU
		{59FF1ACF-5D44-40A6-A44F-393CD6A2B82D}.Debug|Any CPU.Build.0 = Debug|Any CPU
		{59FF1ACF-5D44-40A6-A44F-393CD6A2B82D}.Debug|x64.ActiveCfg = Debug|Any CPU
		{59FF1ACF-5D44-40A6-A44F-393CD6A2B82D}.Debug|x64.Build.0 = Debug|Any CPU
		{59FF1ACF-5D44-40A6-A44F-393CD6A2B82D}.Debug|x86.ActiveCfg = Debug|Any CPU
		{59FF1ACF-5D44-40A6-A44F-393CD6A2B82D}.Debug|x86.Build.0 = Debug|Any CPU
		{59FF1ACF-5D44-40A6-A44F-393CD6A2B82D}.Release|Any CPU.ActiveCfg = Release|Any CPU
		{59FF1ACF-5D44-40A6-A44F-393CD6A2B82D}.Release|Any CPU.Build.0 = Release|Any CPU
		{59FF1ACF-5D44-40A6-A44F-393CD6A2B82D}.Release|x64.ActiveCfg = Release|Any CPU
		{59FF1ACF-5D44-40A6-A44F-393CD6A2B82D}.Release|x64.Build.0 = Release|Any CPU
		{59FF1ACF-5D44-40A6-A44F-393CD6A2B82D}.Release|x86.ActiveCfg = Release|Any CPU
		{59FF1ACF-5D44-40A6-A44F-393CD6A2B82D}.Release|x86.Build.0 = Release|Any CPU
		{8DDC39C5-34A4-4D86-A64D-124D05898B8B}.Debug|Any CPU.ActiveCfg = Debug|Any CPU
		{8DDC39C5-34A4-4D86-A64D-124D05898B8B}.Debug|Any CPU.Build.0 = Debug|Any CPU
		{8DDC39C5-34A4-4D86-A64D-124D05898B8B}.Debug|x64.ActiveCfg = Debug|Any CPU
		{8DDC39C5-34A4-4D86-A64D-124D05898B8B}.Debug|x64.Build.0 = Debug|Any CPU
		{8DDC39C5-34A4-4D86-A64D-124D05898B8B}.Debug|x86.ActiveCfg = Debug|Any CPU
		{8DDC39C5-34A4-4D86-A64D-124D05898B8B}.Debug|x86.Build.0 = Debug|Any CPU
		{8DDC39C5-34A4-4D86-A64D-124D05898B8B}.Release|Any CPU.ActiveCfg = Release|Any CPU
		{8DDC39C5-34A4-4D86-A64D-124D05898B8B}.Release|Any CPU.Build.0 = Release|Any CPU
		{8DDC39C5-34A4-4D86-A64D-124D05898B8B}.Release|x64.ActiveCfg = Release|Any CPU
		{8DDC39C5-34A4-4D86-A64D-124D05898B8B}.Release|x64.Build.0 = Release|Any CPU
		{8DDC39C5-34A4-4D86-A64D-124D05898B8B}.Release|x86.ActiveCfg = Release|Any CPU
		{8DDC39C5-34A4-4D86-A64D-124D05898B8B}.Release|x86.Build.0 = Release|Any CPU
	EndGlobalSection
	GlobalSection(SolutionProperties) = preSolution
		HideSolutionNode = FALSE
	EndGlobalSection
	GlobalSection(NestedProjects) = preSolution
		{629065B4-059D-4610-BFC4-182E4263A20E} = {6306A8FB-679E-111F-6585-8F70E0EE6013}
		{324AD80A-9575-4B24-87FC-A3400FA2A3C6} = {6306A8FB-679E-111F-6585-8F70E0EE6013}
		{CC592FAF-A6EB-44AB-9828-D899CBACEDD3} = {6306A8FB-679E-111F-6585-8F70E0EE6013}
		{08ADFF93-68D3-4A0A-8072-FAD2B0D4A7DE} = {6306A8FB-679E-111F-6585-8F70E0EE6013}
		{10851262-2481-4722-B2B2-B5C54C889DBC} = {6306A8FB-679E-111F-6585-8F70E0EE6013}
		{59FF1ACF-5D44-40A6-A44F-393CD6A2B82D} = {6306A8FB-679E-111F-6585-8F70E0EE6013}
		{8DDC39C5-34A4-4D86-A64D-124D05898B8B} = {6306A8FB-679E-111F-6585-8F70E0EE6013}
	EndGlobalSection
EndGlobal
